
Microsoft Visual Studio Solution File, Format Version 12.00
# Visual Studio 15
VisualStudioVersion = 15.0.27428.2037
MinimumVisualStudioVersion = 10.0.40219.1
Project("{FAE04EC0-301F-11D3-BF4B-00C04F79EFBC}") = "FlightInfo", "FlightInfo\FlightInfo.csproj", "{F6D44AA1-EDCF-4FC3-BB50-E4DC72DAE3A7}"
EndProject
Global
	GlobalSection(SolutionConfigurationPlatforms) = preSolution
		Debug|Any CPU = Debug|Any CPU
		Release|Any CPU = Release|Any CPU
	EndGlobalSection
	GlobalSection(ProjectConfigurationPlatforms) = postSolution
		{F6D44AA1-EDCF-4FC3-BB50-E4DC72DAE3A7}.Debug|Any CPU.ActiveCfg = Debug|Any CPU
		{F6D44AA1-EDCF-4FC3-BB50-E4DC72DAE3A7}.Debug|Any CPU.Build.0 = Debug|Any CPU
		{F6D44AA1-EDCF-4FC3-BB50-E4DC72DAE3A7}.Release|Any CPU.ActiveCfg = Release|Any CPU
		{F6D44AA1-EDCF-4FC3-BB50-E4DC72DAE3A7}.Release|Any CPU.Build.0 = Release|Any CPU
	EndGlobalSection
	GlobalSection(SolutionProperties) = preSolution
		HideSolutionNode = FALSE
	EndGlobalSection
	GlobalSection(ExtensibilityGlobals) = postSolution
		SolutionGuid = {DEA14776-CBEF-4742-AD55-BCD6212024B2}
	EndGlobalSection
EndGlobal
